{
  "name": "leadingtest",
  "version": "1.0.0",
  "lockfileVersion": 1,
  "requires": true,
  "dependencies": {
    "default-value": {
      "version": "1.0.0",
      "resolved": "https://registry.npmjs.org/default-value/-/default-value-1.0.0.tgz",
      "integrity": "sha1-jG9SpaEZP+eP3J+G63HRbJdXyDo=",
      "requires": {
        "es6-promise-try": "0.0.1"
      }
    },
    "es6-promise-try": {
      "version": "0.0.1",
      "resolved": "https://registry.npmjs.org/es6-promise-try/-/es6-promise-try-0.0.1.tgz",
      "integrity": "sha1-EPFA2tJ0Wc75SZc+XSGgh/cnSyA="
    },
    "measure-font": {
      "version": "1.0.0",
      "resolved": "https://registry.npmjs.org/measure-font/-/measure-font-1.0.0.tgz",
      "integrity": "sha1-bmUQl7pafbQ3uWLdkmE1AI3VpBg=",
      "requires": {
        "default-value": "1.0.0"
      }
    },
    "opentype.js": {
      "version": "0.8.0",
      "resolved": "https://registry.npmjs.org/opentype.js/-/opentype.js-0.8.0.tgz",
      "integrity": "sha1-rKvPoWQvvolKPk11nkO6aU4CvTU=",
      "requires": {
        "tiny-inflate": "1.0.2"
      }
    },
    "tiny-inflate": {
      "version": "1.0.2",
      "resolved": "https://registry.npmjs.org/tiny-inflate/-/tiny-inflate-1.0.2.tgz",
      "integrity": "sha1-k9nez/yIBb1X6uQxDwt0Xptvs6c="
    }
  }
}
